
Microsoft Visual Studio Solution File, Format Version 12.00
# Visual Studio Version 16
VisualStudioVersion = 16.0.29503.13
MinimumVisualStudioVersion = 10.0.40219.1
Project("{FAE04EC0-301F-11D3-BF4B-00C04F79EFBC}") = "TriangleFractal", "FractalSummative\TriangleFractal.csproj", "{6DFD7CEE-BFA6-4DDB-8635-30CB6C898198}"
EndProject
Global
	GlobalSection(SolutionConfigurationPlatforms) = preSolution
		Debug|Any CPU = Debug|Any CPU
		Release|Any CPU = Release|Any CPU
	EndGlobalSection
	GlobalSection(ProjectConfigurationPlatforms) = postSolution
		{6DFD7CEE-BFA6-4DDB-8635-30CB6C898198}.Debug|Any CPU.ActiveCfg = Debug|Any CPU
		{6DFD7CEE-BFA6-4DDB-8635-30CB6C898198}.Debug|Any CPU.Build.0 = Debug|Any CPU
		{6DFD7CEE-BFA6-4DDB-8635-30CB6C898198}.Release|Any CPU.ActiveCfg = Release|Any CPU
		{6DFD7CEE-BFA6-4DDB-8635-30CB6C898198}.Release|Any CPU.Build.0 = Release|Any CPU
	EndGlobalSection
	GlobalSection(SolutionProperties) = preSolution
		HideSolutionNode = FALSE
	EndGlobalSection
	GlobalSection(ExtensibilityGlobals) = postSolution
		SolutionGuid = {29E8E822-4C17-4D6C-BB9D-C966D239C39E}
	EndGlobalSection
EndGlobal
